// !$*UTF8*$!
{
	archiveVersion = 1;
	classes = {
	};
	objectVersion = 56;
	objects = {

/* Begin PBXBuildFile section */
		452F8DE1297F9F1900CC94F5 /* DetailTableViewCell.swift in Sources */ = {isa = PBXBuildFile; fileRef = 452F8DE0297F9F1900CC94F5 /* DetailTableViewCell.swift */; };
		452F8DE4297FF6EC00CC94F5 /* LabelDetailView.swift in Sources */ = {isa = PBXBuildFile; fileRef = 452F8DE3297FF6EC00CC94F5 /* LabelDetailView.swift */; };
		452F8DE6297FF6F800CC94F5 /* ButtonDetailView.swift in Sources */ = {isa = PBXBuildFile; fileRef = 452F8DE5297FF6F800CC94F5 /* ButtonDetailView.swift */; };
		452F8DE9297FFC5600CC94F5 /* LabelDetailViewController.swift in Sources */ = {isa = PBXBuildFile; fileRef = 452F8DE8297FFC5600CC94F5 /* LabelDetailViewController.swift */; };
		452F8DEB297FFC6100CC94F5 /* ButtonDetailViewController.swift in Sources */ = {isa = PBXBuildFile; fileRef = 452F8DEA297FFC6100CC94F5 /* ButtonDetailViewController.swift */; };
		459BA8C9297A82AC006AD641 /* AppDelegate.swift in Sources */ = {isa = PBXBuildFile; fileRef = 459BA8C8297A82AC006AD641 /* AppDelegate.swift */; };
		459BA8CB297A82AC006AD641 /* SceneDelegate.swift in Sources */ = {isa = PBXBuildFile; fileRef = 459BA8CA297A82AC006AD641 /* SceneDelegate.swift */; };
		459BA8D2297A82AD006AD641 /* Assets.xcassets in Resources */ = {isa = PBXBuildFile; fileRef = 459BA8D1297A82AD006AD641 /* Assets.xcassets */; };
		459BA8D5297A82AD006AD641 /* LaunchScreen.storyboard in Resources */ = {isa = PBXBuildFile; fileRef = 459BA8D3297A82AD006AD641 /* LaunchScreen.storyboard */; };
		459BA8E0297A8384006AD641 /* MainTableViewController.swift in Sources */ = {isa = PBXBuildFile; fileRef = 459BA8DF297A8384006AD641 /* MainTableViewController.swift */; };
		459BA8E2297A83AB006AD641 /* SettingViewController.swift in Sources */ = {isa = PBXBuildFile; fileRef = 459BA8E1297A83AB006AD641 /* SettingViewController.swift */; };
		459BA8E5297A83DC006AD641 /* UIKitTableViewCell.swift in Sources */ = {isa = PBXBuildFile; fileRef = 459BA8E4297A83DC006AD641 /* UIKitTableViewCell.swift */; };
		459BA8E8297AC7AB006AD641 /* UIKits.swift in Sources */ = {isa = PBXBuildFile; fileRef = 459BA8E7297AC7AB006AD641 /* UIKits.swift */; };
		459BA8EA297AC7FC006AD641 /* DataManager.swift in Sources */ = {isa = PBXBuildFile; fileRef = 459BA8E9297AC7FC006AD641 /* DataManager.swift */; };
		459BA8EC297E543A006AD641 /* DetailView.swift in Sources */ = {isa = PBXBuildFile; fileRef = 459BA8EB297E543A006AD641 /* DetailView.swift */; };
		459BA8EE297E5B2D006AD641 /* DetailViewController.swift in Sources */ = {isa = PBXBuildFile; fileRef = 459BA8ED297E5B2D006AD641 /* DetailViewController.swift */; };
		EB812CFF709C1D2577A64EE7 /* Pods_UIKitCodeProject.framework in Frameworks */ = {isa = PBXBuildFile; fileRef = 63A819A378E6190843A11D0C /* Pods_UIKitCodeProject.framework */; };
/* End PBXBuildFile section */

/* Begin PBXFileReference section */
		41B5308E8486D95A06BAE6D0 /* Pods-UIKitCodeProject.release.xcconfig */ = {isa = PBXFileReference; includeInIndex = 1; lastKnownFileType = text.xcconfig; name = "Pods-UIKitCodeProject.release.xcconfig"; path = "Target Support Files/Pods-UIKitCodeProject/Pods-UIKitCodeProject.release.xcconfig"; sourceTree = "<group>"; };
		452F8DE0297F9F1900CC94F5 /* DetailTableViewCell.swift */ = {isa = PBXFileReference; lastKnownFileType = sourcecode.swift; path = DetailTableViewCell.swift; sourceTree = "<group>"; };
		452F8DE3297FF6EC00CC94F5 /* LabelDetailView.swift */ = {isa = PBXFileReference; lastKnownFileType = sourcecode.swift; path = LabelDetailView.swift; sourceTree = "<group>"; };
		452F8DE5297FF6F800CC94F5 /* ButtonDetailView.swift */ = {isa = PBXFileReference; lastKnownFileType = sourcecode.swift; path = ButtonDetailView.swift; sourceTree = "<group>"; };
		452F8DE8297FFC5600CC94F5 /* LabelDetailViewController.swift */ = {isa = PBXFileReference; lastKnownFileType = sourcecode.swift; path = LabelDetailViewController.swift; sourceTree = "<group>"; };
		452F8DEA297FFC6100CC94F5 /* ButtonDetailViewController.swift */ = {isa = PBXFileReference; lastKnownFileType = sourcecode.swift; path = ButtonDetailViewController.swift; sourceTree = "<group>"; };
		459BA8C5297A82AC006AD641 /* UIKitCodeProject.app */ = {isa = PBXFileReference; explicitFileType = wrapper.application; includeInIndex = 0; path = UIKitCodeProject.app; sourceTree = BUILT_PRODUCTS_DIR; };
		459BA8C8297A82AC006AD641 /* AppDelegate.swift */ = {isa = PBXFileReference; lastKnownFileType = sourcecode.swift; path = AppDelegate.swift; sourceTree = "<group>"; };
		459BA8CA297A82AC006AD641 /* SceneDelegate.swift */ = {isa = PBXFileReference; lastKnownFileType = sourcecode.swift; path = SceneDelegate.swift; sourceTree = "<group>"; };
		459BA8D1297A82AD006AD641 /* Assets.xcassets */ = {isa = PBXFileReference; lastKnownFileType = folder.assetcatalog; path = Assets.xcassets; sourceTree = "<group>"; };
		459BA8D4297A82AD006AD641 /* Base */ = {isa = PBXFileReference; lastKnownFileType = file.storyboard; name = Base; path = Base.lproj/LaunchScreen.storyboard; sourceTree = "<group>"; };
		459BA8D6297A82AD006AD641 /* Info.plist */ = {isa = PBXFileReference; lastKnownFileType = text.plist.xml; path = Info.plist; sourceTree = "<group>"; };
		459BA8DF297A8384006AD641 /* MainTableViewController.swift */ = {isa = PBXFileReference; lastKnownFileType = sourcecode.swift; path = MainTableViewController.swift; sourceTree = "<group>"; };
		459BA8E1297A83AB006AD641 /* SettingViewController.swift */ = {isa = PBXFileReference; lastKnownFileType = sourcecode.swift; path = SettingViewController.swift; sourceTree = "<group>"; };
		459BA8E4297A83DC006AD641 /* UIKitTableViewCell.swift */ = {isa = PBXFileReference; lastKnownFileType = sourcecode.swift; path = UIKitTableViewCell.swift; sourceTree = "<group>"; };
		459BA8E7297AC7AB006AD641 /* UIKits.swift */ = {isa = PBXFileReference; lastKnownFileType = sourcecode.swift; path = UIKits.swift; sourceTree = "<group>"; };
		459BA8E9297AC7FC006AD641 /* DataManager.swift */ = {isa = PBXFileReference; lastKnownFileType = sourcecode.swift; path = DataManager.swift; sourceTree = "<group>"; };
		459BA8EB297E543A006AD641 /* DetailView.swift */ = {isa = PBXFileReference; lastKnownFileType = sourcecode.swift; path = DetailView.swift; sourceTree = "<group>"; };
		459BA8ED297E5B2D006AD641 /* DetailViewController.swift */ = {isa = PBXFileReference; lastKnownFileType = sourcecode.swift; path = DetailViewController.swift; sourceTree = "<group>"; };
		63A819A378E6190843A11D0C /* Pods_UIKitCodeProject.framework */ = {isa = PBXFileReference; explicitFileType = wrapper.framework; includeInIndex = 0; path = Pods_UIKitCodeProject.framework; sourceTree = BUILT_PRODUCTS_DIR; };
		D6F6A2699D2A7598A7AC2F1A /* Pods-UIKitCodeProject.debug.xcconfig */ = {isa = PBXFileReference; includeInIndex = 1; lastKnownFileType = text.xcconfig; name = "Pods-UIKitCodeProject.debug.xcconfig"; path = "Target Support Files/Pods-UIKitCodeProject/Pods-UIKitCodeProject.debug.xcconfig"; sourceTree = "<group>"; };
/* End PBXFileReference section */

/* Begin PBXFrameworksBuildPhase section */
		459BA8C2297A82AC006AD641 /* Frameworks */ = {
			isa = PBXFrameworksBuildPhase;
			buildActionMask = 2147483647;
			files = (
				EB812CFF709C1D2577A64EE7 /* Pods_UIKitCodeProject.framework in Frameworks */,
			);
			runOnlyForDeploymentPostprocessing = 0;
		};
/* End PBXFrameworksBuildPhase section */

/* Begin PBXGroup section */
		452F8DE2297FF6C700CC94F5 /* UIKitDetailViews */ = {
			isa = PBXGroup;
			children = (
				452F8DE3297FF6EC00CC94F5 /* LabelDetailView.swift */,
				452F8DE5297FF6F800CC94F5 /* ButtonDetailView.swift */,
			);
			path = UIKitDetailViews;
			sourceTree = "<group>";
		};
		452F8DE7297FFC3A00CC94F5 /* UIKitsDetailViewControllers */ = {
			isa = PBXGroup;
			children = (
				452F8DE8297FFC5600CC94F5 /* LabelDetailViewController.swift */,
				452F8DEA297FFC6100CC94F5 /* ButtonDetailViewController.swift */,
			);
			path = UIKitsDetailViewControllers;
			sourceTree = "<group>";
		};
		459BA8BC297A82AC006AD641 = {
			isa = PBXGroup;
			children = (
				459BA8C7297A82AC006AD641 /* UIKitCodeProject */,
				459BA8C6297A82AC006AD641 /* Products */,
				60ABA2EEA6CFA557C3E80961 /* Pods */,
				CDCC4DECF9BA211DAA5CD3D4 /* Frameworks */,
			);
			sourceTree = "<group>";
		};
		459BA8C6297A82AC006AD641 /* Products */ = {
			isa = PBXGroup;
			children = (
				459BA8C5297A82AC006AD641 /* UIKitCodeProject.app */,
			);
			name = Products;
			sourceTree = "<group>";
		};
		459BA8C7297A82AC006AD641 /* UIKitCodeProject */ = {
			isa = PBXGroup;
			children = (
				459BA8DC297A832D006AD641 /* Delegates */,
				459BA8E6297AC794006AD641 /* Models */,
				459BA8E3297A83B7006AD641 /* Views */,
				459BA8DE297A8360006AD641 /* Controllers */,
				459BA8D1297A82AD006AD641 /* Assets.xcassets */,
				459BA8D3297A82AD006AD641 /* LaunchScreen.storyboard */,
				459BA8D6297A82AD006AD641 /* Info.plist */,
			);
			path = UIKitCodeProject;
			sourceTree = "<group>";
		};
		459BA8DC297A832D006AD641 /* Delegates */ = {
			isa = PBXGroup;
			children = (
				459BA8C8297A82AC006AD641 /* AppDelegate.swift */,
				459BA8CA297A82AC006AD641 /* SceneDelegate.swift */,
			);
			path = Delegates;
			sourceTree = "<group>";
		};
		459BA8DE297A8360006AD641 /* Controllers */ = {
			isa = PBXGroup;
			children = (
				459BA8DF297A8384006AD641 /* MainTableViewController.swift */,
				459BA8ED297E5B2D006AD641 /* DetailViewController.swift */,
				452F8DE7297FFC3A00CC94F5 /* UIKitsDetailViewControllers */,
				459BA8E1297A83AB006AD641 /* SettingViewController.swift */,
			);
			path = Controllers;
			sourceTree = "<group>";
		};
		459BA8E3297A83B7006AD641 /* Views */ = {
			isa = PBXGroup;
			children = (
				459BA8E4297A83DC006AD641 /* UIKitTableViewCell.swift */,
				452F8DE0297F9F1900CC94F5 /* DetailTableViewCell.swift */,
				459BA8EB297E543A006AD641 /* DetailView.swift */,
				452F8DE2297FF6C700CC94F5 /* UIKitDetailViews */,
			);
			path = Views;
			sourceTree = "<group>";
		};
		459BA8E6297AC794006AD641 /* Models */ = {
			isa = PBXGroup;
			children = (
				459BA8E7297AC7AB006AD641 /* UIKits.swift */,
				459BA8E9297AC7FC006AD641 /* DataManager.swift */,
			);
			path = Models;
			sourceTree = "<group>";
		};
		60ABA2EEA6CFA557C3E80961 /* Pods */ = {
			isa = PBXGroup;
			children = (
				D6F6A2699D2A7598A7AC2F1A /* Pods-UIKitCodeProject.debug.xcconfig */,
				41B5308E8486D95A06BAE6D0 /* Pods-UIKitCodeProject.release.xcconfig */,
			);
			path = Pods;
			sourceTree = "<group>";
		};
		CDCC4DECF9BA211DAA5CD3D4 /* Frameworks */ = {
			isa = PBXGroup;
			children = (
				63A819A378E6190843A11D0C /* Pods_UIKitCodeProject.framework */,
			);
			name = Frameworks;
			sourceTree = "<group>";
		};
/* End PBXGroup section */

/* Begin PBXNativeTarget section */
		459BA8C4297A82AC006AD641 /* UIKitCodeProject */ = {
			isa = PBXNativeTarget;
			buildConfigurationList = 459BA8D9297A82AD006AD641 /* Build configuration list for PBXNativeTarget "UIKitCodeProject" */;
			buildPhases = (
				0114B930B7DF1A088355DAD4 /* [CP] Check Pods Manifest.lock */,
				459BA8C1297A82AC006AD641 /* Sources */,
				459BA8C2297A82AC006AD641 /* Frameworks */,
				459BA8C3297A82AC006AD641 /* Resources */,
				0968AB7F17DC17CEF960C7A9 /* [CP] Embed Pods Frameworks */,
			);
			buildRules = (
			);
			dependencies = (
			);
			name = UIKitCodeProject;
			productName = UIKitCodeProject;
			productReference = 459BA8C5297A82AC006AD641 /* UIKitCodeProject.app */;
			productType = "com.apple.product-type.application";
		};
/* End PBXNativeTarget section */

/* Begin PBXProject section */
		459BA8BD297A82AC006AD641 /* Project object */ = {
			isa = PBXProject;
			attributes = {
				BuildIndependentTargetsInParallel = 1;
				LastSwiftUpdateCheck = 1420;
				LastUpgradeCheck = 1420;
				TargetAttributes = {
					459BA8C4297A82AC006AD641 = {
						CreatedOnToolsVersion = 14.2;
					};
				};
			};
			buildConfigurationList = 459BA8C0297A82AC006AD641 /* Build configuration list for PBXProject "UIKitCodeProject" */;
			compatibilityVersion = "Xcode 14.0";
			developmentRegion = en;
			hasScannedForEncodings = 0;
			knownRegions = (
				en,
				Base,
			);
			mainGroup = 459BA8BC297A82AC006AD641;
			productRefGroup = 459BA8C6297A82AC006AD641 /* Products */;
			projectDirPath = "";
			projectRoot = "";
			targets = (
				459BA8C4297A82AC006AD641 /* UIKitCodeProject */,
			);
		};
/* End PBXProject section */

/* Begin PBXResourcesBuildPhase section */
		459BA8C3297A82AC006AD641 /* Resources */ = {
			isa = PBXResourcesBuildPhase;
			buildActionMask = 2147483647;
			files = (
				459BA8D5297A82AD006AD641 /* LaunchScreen.storyboard in Resources */,
				459BA8D2297A82AD006AD641 /* Assets.xcassets in Resources */,
			);
			runOnlyForDeploymentPostprocessing = 0;
		};
/* End PBXResourcesBuildPhase section */

/* Begin PBXShellScriptBuildPhase section */
		0114B930B7DF1A088355DAD4 /* [CP] Check Pods Manifest.lock */ = {
			isa = PBXShellScriptBuildPhase;
			buildActionMask = 2147483647;
			files = (
			);
			inputFileListPaths = (
			);
			inputPaths = (
				"${PODS_PODFILE_DIR_PATH}/Podfile.lock",
				"${PODS_ROOT}/Manifest.lock",
			);
			name = "[CP] Check Pods Manifest.lock";
			outputFileListPaths = (
			);
			outputPaths = (
				"$(DERIVED_FILE_DIR)/Pods-UIKitCodeProject-checkManifestLockResult.txt",
			);
			runOnlyForDeploymentPostprocessing = 0;
			shellPath = /bin/sh;
			shellScript = "diff \"${PODS_PODFILE_DIR_PATH}/Podfile.lock\" \"${PODS_ROOT}/Manifest.lock\" > /dev/null\nif [ $? != 0 ] ; then\n    # print error to STDERR\n    echo \"error: The sandbox is not in sync with the Podfile.lock. Run 'pod install' or update your CocoaPods installation.\" >&2\n    exit 1\nfi\n# This output is used by Xcode 'outputs' to avoid re-running this script phase.\necho \"SUCCESS\" > \"${SCRIPT_OUTPUT_FILE_0}\"\n";
			showEnvVarsInLog = 0;
		};
		0968AB7F17DC17CEF960C7A9 /* [CP] Embed Pods Frameworks */ = {
			isa = PBXShellScriptBuildPhase;
			buildActionMask = 2147483647;
			files = (
			);
			inputFileListPaths = (
				"${PODS_ROOT}/Target Support Files/Pods-UIKitCodeProject/Pods-UIKitCodeProject-frameworks-${CONFIGURATION}-input-files.xcfilelist",
			);
			name = "[CP] Embed Pods Frameworks";
			outputFileListPaths = (
				"${PODS_ROOT}/Target Support Files/Pods-UIKitCodeProject/Pods-UIKitCodeProject-frameworks-${CONFIGURATION}-output-files.xcfilelist",
			);
			runOnlyForDeploymentPostprocessing = 0;
			shellPath = /bin/sh;
			shellScript = "\"${PODS_ROOT}/Target Support Files/Pods-UIKitCodeProject/Pods-UIKitCodeProject-frameworks.sh\"\n";
			showEnvVarsInLog = 0;
		};
/* End PBXShellScriptBuildPhase section */

/* Begin PBXSourcesBuildPhase section */
		459BA8C1297A82AC006AD641 /* Sources */ = {
			isa = PBXSourcesBuildPhase;
			buildActionMask = 2147483647;
			files = (
				459BA8EE297E5B2D006AD641 /* DetailViewController.swift in Sources */,
				452F8DE9297FFC5600CC94F5 /* LabelDetailViewController.swift in Sources */,
				459BA8E2297A83AB006AD641 /* SettingViewController.swift in Sources */,
				459BA8EC297E543A006AD641 /* DetailView.swift in Sources */,
				452F8DE6297FF6F800CC94F5 /* ButtonDetailView.swift in Sources */,
				459BA8E5297A83DC006AD641 /* UIKitTableViewCell.swift in Sources */,
				459BA8E8297AC7AB006AD641 /* UIKits.swift in Sources */,
				459BA8EA297AC7FC006AD641 /* DataManager.swift in Sources */,
				459BA8C9297A82AC006AD641 /* AppDelegate.swift in Sources */,
				452F8DE4297FF6EC00CC94F5 /* LabelDetailView.swift in Sources */,
				452F8DEB297FFC6100CC94F5 /* ButtonDetailViewController.swift in Sources */,
				459BA8E0297A8384006AD641 /* MainTableViewController.swift in Sources */,
				452F8DE1297F9F1900CC94F5 /* DetailTableViewCell.swift in Sources */,
				459BA8CB297A82AC006AD641 /* SceneDelegate.swift in Sources */,
			);
			runOnlyForDeploymentPostprocessing = 0;
		};
/* End PBXSourcesBuildPhase section */

/* Begin PBXVariantGroup section */
		459BA8D3297A82AD006AD641 /* LaunchScreen.storyboard */ = {
			isa = PBXVariantGroup;
			children = (
				459BA8D4297A82AD006AD641 /* Base */,
			);
			name = LaunchScreen.storyboard;
			sourceTree = "<group>";
		};
/* End PBXVariantGroup section */

/* Begin XCBuildConfiguration section */
		459BA8D7297A82AD006AD641 /* Debug */ = {
			isa = XCBuildConfiguration;
			buildSettings = {
				ALWAYS_SEARCH_USER_PATHS = NO;
				CLANG_ANALYZER_NONNULL = YES;
				CLANG_ANALYZER_NUMBER_OBJECT_CONVERSION = YES_AGGRESSIVE;
				CLANG_CXX_LANGUAGE_STANDARD = "gnu++20";
				CLANG_ENABLE_MODULES = YES;
				CLANG_ENABLE_OBJC_ARC = YES;
				CLANG_ENABLE_OBJC_WEAK = YES;
				CLANG_WARN_BLOCK_CAPTURE_AUTORELEASING = YES;
				CLANG_WARN_BOOL_CONVERSION = YES;
				CLANG_WARN_COMMA = YES;
				CLANG_WARN_CONSTANT_CONVERSION = YES;
				CLANG_WARN_DEPRECATED_OBJC_IMPLEMENTATIONS = YES;
				CLANG_WARN_DIRECT_OBJC_ISA_USAGE = YES_ERROR;
				CLANG_WARN_DOCUMENTATION_COMMENTS = YES;
				CLANG_WARN_EMPTY_BODY = YES;
				CLANG_WARN_ENUM_CONVERSION = YES;
				CLANG_WARN_INFINITE_RECURSION = YES;
				CLANG_WARN_INT_CONVERSION = YES;
				CLANG_WARN_NON_LITERAL_NULL_CONVERSION = YES;
				CLANG_WARN_OBJC_IMPLICIT_RETAIN_SELF = YES;
				CLANG_WARN_OBJC_LITERAL_CONVERSION = YES;
				CLANG_WARN_OBJC_ROOT_CLASS = YES_ERROR;
				CLANG_WARN_QUOTED_INCLUDE_IN_FRAMEWORK_HEADER = YES;
				CLANG_WARN_RANGE_LOOP_ANALYSIS = YES;
				CLANG_WARN_STRICT_PROTOTYPES = YES;
				CLANG_WARN_SUSPICIOUS_MOVE = YES;
				CLANG_WARN_UNGUARDED_AVAILABILITY = YES_AGGRESSIVE;
				CLANG_WARN_UNREACHABLE_CODE = YES;
				CLANG_WARN__DUPLICATE_METHOD_MATCH = YES;
				COPY_PHASE_STRIP = NO;
				DEBUG_INFORMATION_FORMAT = dwarf;
				ENABLE_STRICT_OBJC_MSGSEND = YES;
				ENABLE_TESTABILITY = YES;
				GCC_C_LANGUAGE_STANDARD = gnu11;
				GCC_DYNAMIC_NO_PIC = NO;
				GCC_NO_COMMON_BLOCKS = YES;
				GCC_OPTIMIZATION_LEVEL = 0;
				GCC_PREPROCESSOR_DEFINITIONS = (
					"DEBUG=1",
					"$(inherited)",
				);
				GCC_WARN_64_TO_32_BIT_CONVERSION = YES;
				GCC_WARN_ABOUT_RETURN_TYPE = YES_ERROR;
				GCC_WARN_UNDECLARED_SELECTOR = YES;
				GCC_WARN_UNINITIALIZED_AUTOS = YES_AGGRESSIVE;
				GCC_WARN_UNUSED_FUNCTION = YES;
				GCC_WARN_UNUSED_VARIABLE = YES;
				IPHONEOS_DEPLOYMENT_TARGET = 16.2;
				MTL_ENABLE_DEBUG_INFO = INCLUDE_SOURCE;
				MTL_FAST_MATH = YES;
				ONLY_ACTIVE_ARCH = YES;
				SDKROOT = iphoneos;
				SWIFT_ACTIVE_COMPILATION_CONDITIONS = DEBUG;
				SWIFT_OPTIMIZATION_LEVEL = "-Onone";
			};
			name = Debug;
		};
		459BA8D8297A82AD006AD641 /* Release */ = {
			isa = XCBuildConfiguration;
			buildSettings = {
				ALWAYS_SEARCH_USER_PATHS = NO;
				CLANG_ANALYZER_NONNULL = YES;
				CLANG_ANALYZER_NUMBER_OBJECT_CONVERSION = YES_AGGRESSIVE;
				CLANG_CXX_LANGUAGE_STANDARD = "gnu++20";
				CLANG_ENABLE_MODULES = YES;
				CLANG_ENABLE_OBJC_ARC = YES;
				CLANG_ENABLE_OBJC_WEAK = YES;
				CLANG_WARN_BLOCK_CAPTURE_AUTORELEASING = YES;
				CLANG_WARN_BOOL_CONVERSION = YES;
				CLANG_WARN_COMMA = YES;
				CLANG_WARN_CONSTANT_CONVERSION = YES;
				CLANG_WARN_DEPRECATED_OBJC_IMPLEMENTATIONS = YES;
				CLANG_WARN_DIRECT_OBJC_ISA_USAGE = YES_ERROR;
				CLANG_WARN_DOCUMENTATION_COMMENTS = YES;
				CLANG_WARN_EMPTY_BODY = YES;
				CLANG_WARN_ENUM_CONVERSION = YES;
				CLANG_WARN_INFINITE_RECURSION = YES;
				CLANG_WARN_INT_CONVERSION = YES;
				CLANG_WARN_NON_LITERAL_NULL_CONVERSION = YES;
				CLANG_WARN_OBJC_IMPLICIT_RETAIN_SELF = YES;
				CLANG_WARN_OBJC_LITERAL_CONVERSION = YES;
				CLANG_WARN_OBJC_ROOT_CLASS = YES_ERROR;
				CLANG_WARN_QUOTED_INCLUDE_IN_FRAMEWORK_HEADER = YES;
				CLANG_WARN_RANGE_LOOP_ANALYSIS = YES;
				CLANG_WARN_STRICT_PROTOTYPES = YES;
				CLANG_WARN_SUSPICIOUS_MOVE = YES;
				CLANG_WARN_UNGUARDED_AVAILABILITY = YES_AGGRESSIVE;
				CLANG_WARN_UNREACHABLE_CODE = YES;
				CLANG_WARN__DUPLICATE_METHOD_MATCH = YES;
				COPY_PHASE_STRIP = NO;
				DEBUG_INFORMATION_FORMAT = "dwarf-with-dsym";
				ENABLE_NS_ASSERTIONS = NO;
				ENABLE_STRICT_OBJC_MSGSEND = YES;
				GCC_C_LANGUAGE_STANDARD = gnu11;
				GCC_NO_COMMON_BLOCKS = YES;
				GCC_WARN_64_TO_32_BIT_CONVERSION = YES;
				GCC_WARN_ABOUT_RETURN_TYPE = YES_ERROR;
				GCC_WARN_UNDECLARED_SELECTOR = YES;
				GCC_WARN_UNINITIALIZED_AUTOS = YES_AGGRESSIVE;
				GCC_WARN_UNUSED_FUNCTION = YES;
				GCC_WARN_UNUSED_VARIABLE = YES;
				IPHONEOS_DEPLOYMENT_TARGET = 16.2;
				MTL_ENABLE_DEBUG_INFO = NO;
				MTL_FAST_MATH = YES;
				SDKROOT = iphoneos;
				SWIFT_COMPILATION_MODE = wholemodule;
				SWIFT_OPTIMIZATION_LEVEL = "-O";
				VALIDATE_PRODUCT = YES;
			};
			name = Release;
		};
		459BA8DA297A82AD006AD641 /* Debug */ = {
			isa = XCBuildConfiguration;
			baseConfigurationReference = D6F6A2699D2A7598A7AC2F1A /* Pods-UIKitCodeProject.debug.xcconfig */;
			buildSettings = {
				ASSETCATALOG_COMPILER_APPICON_NAME = AppIcon;
				ASSETCATALOG_COMPILER_GLOBAL_ACCENT_COLOR_NAME = AccentColor;
				CODE_SIGN_STYLE = Automatic;
				CURRENT_PROJECT_VERSION = 1;
				GENERATE_INFOPLIST_FILE = YES;
				INFOPLIST_FILE = UIKitCodeProject/Info.plist;
				INFOPLIST_KEY_UIApplicationSupportsIndirectInputEvents = YES;
				INFOPLIST_KEY_UILaunchStoryboardName = LaunchScreen;
				INFOPLIST_KEY_UIMainStoryboardFile = "";
				INFOPLIST_KEY_UISupportedInterfaceOrientations_iPad = "UIInterfaceOrientationPortrait UIInterfaceOrientationPortraitUpsideDown UIInterfaceOrientationLandscapeLeft UIInterfaceOrientationLandscapeRight";
				INFOPLIST_KEY_UISupportedInterfaceOrientations_iPhone = "UIInterfaceOrientationPortrait UIInterfaceOrientationLandscapeLeft UIInterfaceOrientationLandscapeRight";
				LD_RUNPATH_SEARCH_PATHS = (
					"$(inherited)",
					"@executable_path/Frameworks",
				);
				MARKETING_VERSION = 1.0;
				PRODUCT_BUNDLE_IDENTIFIER = com.hyeonsu.UIKitCodeProject;
				PRODUCT_NAME = "$(TARGET_NAME)";
				SWIFT_EMIT_LOC_STRINGS = YES;
				SWIFT_VERSION = 5.0;
				TARGETED_DEVICE_FAMILY = "1,2";
			};
			name = Debug;
		};
		459BA8DB297A82AD006AD641 /* Release */ = {
			isa = XCBuildConfiguration;
			baseConfigurationReference = 41B5308E8486D95A06BAE6D0 /* Pods-UIKitCodeProject.release.xcconfig */;
			buildSettings = {
				ASSETCATALOG_COMPILER_APPICON_NAME = AppIcon;
				ASSETCATALOG_COMPILER_GLOBAL_ACCENT_COLOR_NAME = AccentColor;
				CODE_SIGN_STYLE = Automatic;
				CURRENT_PROJECT_VERSION = 1;
				GENERATE_INFOPLIST_FILE = YES;
				INFOPLIST_FILE = UIKitCodeProject/Info.plist;
				INFOPLIST_KEY_UIApplicationSupportsIndirectInputEvents = YES;
				INFOPLIST_KEY_UILaunchStoryboardName = LaunchScreen;
				INFOPLIST_KEY_UIMainStoryboardFile = "";
				INFOPLIST_KEY_UISupportedInterfaceOrientations_iPad = "UIInterfaceOrientationPortrait UIInterfaceOrientationPortraitUpsideDown UIInterfaceOrientationLandscapeLeft UIInterfaceOrientationLandscapeRight";
				INFOPLIST_KEY_UISupportedInterfaceOrientations_iPhone = "UIInterfaceOrientationPortrait UIInterfaceOrientationLandscapeLeft UIInterfaceOrientationLandscapeRight";
				LD_RUNPATH_SEARCH_PATHS = (
					"$(inherited)",
					"@executable_path/Frameworks",
				);
				MARKETING_VERSION = 1.0;
				PRODUCT_BUNDLE_IDENTIFIER = com.hyeonsu.UIKitCodeProject;
				PRODUCT_NAME = "$(TARGET_NAME)";
				SWIFT_EMIT_LOC_STRINGS = YES;
				SWIFT_VERSION = 5.0;
				TARGETED_DEVICE_FAMILY = "1,2";
			};
			name = Release;
		};
/* End XCBuildConfiguration section */

/* Begin XCConfigurationList section */
		459BA8C0297A82AC006AD641 /* Build configuration list for PBXProject "UIKitCodeProject" */ = {
			isa = XCConfigurationList;
			buildConfigurations = (
				459BA8D7297A82AD006AD641 /* Debug */,
				459BA8D8297A82AD006AD641 /* Release */,
			);
			defaultConfigurationIsVisible = 0;
			defaultConfigurationName = Release;
		};
		459BA8D9297A82AD006AD641 /* Build configuration list for PBXNativeTarget "UIKitCodeProject" */ = {
			isa = XCConfigurationList;
			buildConfigurations = (
				459BA8DA297A82AD006AD641 /* Debug */,
				459BA8DB297A82AD006AD641 /* Release */,
			);
			defaultConfigurationIsVisible = 0;
			defaultConfigurationName = Release;
		};
/* End XCConfigurationList section */
	};
	rootObject = 459BA8BD297A82AC006AD641 /* Project object */;
}
